
Microsoft Visual Studio Solution File, Format Version 12.00
# Visual Studio Version 17
VisualStudioVersion = 17.2.32630.192
MinimumVisualStudioVersion = 10.0.40219.1
Project("{FAE04EC0-301F-11D3-BF4B-00C04F79EFBC}") = "FirstCrud", "FirstCrud\FirstCrud.csproj", "{AB5F3C3C-E06B-4DE1-9093-577E932B6DCD}"
EndProject
Global
	GlobalSection(SolutionConfigurationPlatforms) = preSolution
		Debug|Any CPU = Debug|Any CPU
		Release|Any CPU = Release|Any CPU
	EndGlobalSection
	GlobalSection(ProjectConfigurationPlatforms) = postSolution
		{AB5F3C3C-E06B-4DE1-9093-577E932B6DCD}.Debug|Any CPU.ActiveCfg = Debug|Any CPU
		{AB5F3C3C-E06B-4DE1-9093-577E932B6DCD}.Debug|Any CPU.Build.0 = Debug|Any CPU
		{AB5F3C3C-E06B-4DE1-9093-577E932B6DCD}.Release|Any CPU.ActiveCfg = Release|Any CPU
		{AB5F3C3C-E06B-4DE1-9093-577E932B6DCD}.Release|Any CPU.Build.0 = Release|Any CPU
	EndGlobalSection
	GlobalSection(SolutionProperties) = preSolution
		HideSolutionNode = FALSE
	EndGlobalSection
	GlobalSection(ExtensibilityGlobals) = postSolution
		SolutionGuid = {46712AEB-FE7E-4DC9-95CC-7ECEC532D563}
	EndGlobalSection
EndGlobal
